// !$*UTF8*$!
{
	archiveVersion = 1;
	classes = {
	};
	objectVersion = 46;
	objects = {

/* Begin PBXBuildFile section */
		7DA028461540ECAB00587339 /* UIKit.framework in Frameworks */ = {isa = PBXBuildFile; fileRef = 7DA028451540ECAB00587339 /* UIKit.framework */; };
		7DA028481540ECAB00587339 /* Foundation.framework in Frameworks */ = {isa = PBXBuildFile; fileRef = 7DA028471540ECAB00587339 /* Foundation.framework */; };
		7DA0284A1540ECAB00587339 /* CoreGraphics.framework in Frameworks */ = {isa = PBXBuildFile; fileRef = 7DA028491540ECAB00587339 /* CoreGraphics.framework */; };
		7DA028501540ECAB00587339 /* InfoPlist.strings in Resources */ = {isa = PBXBuildFile; fileRef = 7DA0284E1540ECAB00587339 /* InfoPlist.strings */; };
		7DA028521540ECAB00587339 /* main.m in Sources */ = {isa = PBXBuildFile; fileRef = 7DA028511540ECAB00587339 /* main.m */; };
		7DA028561540ECAB00587339 /* AppDelegate.m in Sources */ = {isa = PBXBuildFile; fileRef = 7DA028551540ECAB00587339 /* AppDelegate.m */; };
		7DA0285E1540ED5900587339 /* weiboViewController.m in Sources */ = {isa = PBXBuildFile; fileRef = 7DA0285D1540ED5900587339 /* weiboViewController.m */; };
		7DA028D9154137B800587339 /* GTMBase64.m in Sources */ = {isa = PBXBuildFile; fileRef = 7DA028B0154137B800587339 /* GTMBase64.m */; };
		7DA028E9154137B800587339 /* SFHFKeychainUtils.m in Sources */ = {isa = PBXBuildFile; fileRef = 7DA028C7154137B800587339 /* SFHFKeychainUtils.m */; };
		7DA028EA154137B800587339 /* WBAuthorize.m in Sources */ = {isa = PBXBuildFile; fileRef = 7DA028C9154137B800587339 /* WBAuthorize.m */; };
		7DA028EC154137B800587339 /* WBEngine.m in Sources */ = {isa = PBXBuildFile; fileRef = 7DA028CD154137B800587339 /* WBEngine.m */; };
		7DA028EE154137B800587339 /* WBRequest.m in Sources */ = {isa = PBXBuildFile; fileRef = 7DA028D1154137B800587339 /* WBRequest.m */; };
		7DA028F0154137B800587339 /* WBUtil.m in Sources */ = {isa = PBXBuildFile; fileRef = 7DA028D6154137B800587339 /* WBUtil.m */; };
		7DA028FF154137F700587339 /* NSObject+SBJSON.m in Sources */ = {isa = PBXBuildFile; fileRef = 7DA028F4154137F700587339 /* NSObject+SBJSON.m */; };
		7DA02900154137F700587339 /* NSString+SBJSON.m in Sources */ = {isa = PBXBuildFile; fileRef = 7DA028F6154137F700587339 /* NSString+SBJSON.m */; };
		7DA02901154137F700587339 /* SBJSON.m in Sources */ = {isa = PBXBuildFile; fileRef = 7DA028F8154137F700587339 /* SBJSON.m */; };
		7DA02902154137F700587339 /* SBJsonBase.m in Sources */ = {isa = PBXBuildFile; fileRef = 7DA028FA154137F700587339 /* SBJsonBase.m */; };
		7DA02903154137F700587339 /* SBJsonParser.m in Sources */ = {isa = PBXBuildFile; fileRef = 7DA028FC154137F700587339 /* SBJsonParser.m */; };
		7DA02904154137F700587339 /* SBJsonWriter.m in Sources */ = {isa = PBXBuildFile; fileRef = 7DA028FE154137F700587339 /* SBJsonWriter.m */; };
		7DA029061541382B00587339 /* Security.framework in Frameworks */ = {isa = PBXBuildFile; fileRef = 7DA029051541382B00587339 /* Security.framework */; };
		7DA029111541459F00587339 /* weibologinViewController.m in Sources */ = {isa = PBXBuildFile; fileRef = 7DA029101541459E00587339 /* weibologinViewController.m */; };
		7DD15FD7154547AE0003D95E /* QQweiboEngine.m in Sources */ = {isa = PBXBuildFile; fileRef = 7DD15FD6154547AE0003D95E /* QQweiboEngine.m */; };
		7DD15FE0154547DB0003D95E /* QweiboSyncRequest.m in Sources */ = {isa = PBXBuildFile; fileRef = 7DD15FDD154547DB0003D95E /* QweiboSyncRequest.m */; };
		7DD15FE7154547F30003D95E /* QMutableURLRequest.m in Sources */ = {isa = PBXBuildFile; fileRef = 7DD15FE2154547F30003D95E /* QMutableURLRequest.m */; };
		7DD15FE8154547F30003D95E /* QSyncHttp.m in Sources */ = {isa = PBXBuildFile; fileRef = 7DD15FE4154547F30003D95E /* QSyncHttp.m */; };
		7DD15FE9154547F30003D95E /* QWeiboRequest.m in Sources */ = {isa = PBXBuildFile; fileRef = 7DD15FE6154547F30003D95E /* QWeiboRequest.m */; };
		7DD15FF01545480A0003D95E /* NSData+QBase64.m in Sources */ = {isa = PBXBuildFile; fileRef = 7DD15FEB1545480A0003D95E /* NSData+QBase64.m */; };
		7DD15FF11545480A0003D95E /* NSString+QEncoding.m in Sources */ = {isa = PBXBuildFile; fileRef = 7DD15FED1545480A0003D95E /* NSString+QEncoding.m */; };
		7DD15FF21545480A0003D95E /* NSURL+QAdditions.m in Sources */ = {isa = PBXBuildFile; fileRef = 7DD15FEF1545480A0003D95E /* NSURL+QAdditions.m */; };
		7DD15FF71545481D0003D95E /* QOauth.m in Sources */ = {isa = PBXBuildFile; fileRef = 7DD15FF41545481D0003D95E /* QOauth.m */; };
		7DD15FFB154548240003D95E /* QAsyncHttp.m in Sources */ = {isa = PBXBuildFile; fileRef = 7DD15FFA154548240003D95E /* QAsyncHttp.m */; };
		7DD15FFD154549100003D95E /* QOauthKey.m in Sources */ = {isa = PBXBuildFile; fileRef = 7DD15FFC154549100003D95E /* QOauthKey.m */; };
		7DD212031544EF0800854D01 /* APIBase.m in Sources */ = {isa = PBXBuildFile; fileRef = 7DD212001544EF0800854D01 /* APIBase.m */; };
		7DD212041544EF0800854D01 /* APIResponse.m in Sources */ = {isa = PBXBuildFile; fileRef = 7DD212021544EF0800854D01 /* APIResponse.m */; };
		7DD2120D1544EF1700854D01 /* TencentLoginView.m in Sources */ = {isa = PBXBuildFile; fileRef = 7DD212061544EF1700854D01 /* TencentLoginView.m */; };
		7DD2120E1544EF1700854D01 /* TencentOAuth.m in Sources */ = {isa = PBXBuildFile; fileRef = 7DD212081544EF1700854D01 /* TencentOAuth.m */; };
		7DD2120F1544EF1700854D01 /* TencentRequest.m in Sources */ = {isa = PBXBuildFile; fileRef = 7DD2120A1544EF1700854D01 /* TencentRequest.m */; };
		7DD212101544EF1700854D01 /* TencentTargetSelector.m in Sources */ = {isa = PBXBuildFile; fileRef = 7DD2120C1544EF1700854D01 /* TencentTargetSelector.m */; };
		7DD212141544F15100854D01 /* WeiboBasicUserInfo.m in Sources */ = {isa = PBXBuildFile; fileRef = 7DD212131544F15100854D01 /* WeiboBasicUserInfo.m */; };
/* End PBXBuildFile section */

/* Begin PBXFileReference section */
		7DA028411540ECAB00587339 /* weiboDemo.app */ = {isa = PBXFileReference; explicitFileType = wrapper.application; includeInIndex = 0; path = weiboDemo.app; sourceTree = BUILT_PRODUCTS_DIR; };
		7DA028451540ECAB00587339 /* UIKit.framework */ = {isa = PBXFileReference; lastKnownFileType = wrapper.framework; name = UIKit.framework; path = System/Library/Frameworks/UIKit.framework; sourceTree = SDKROOT; };
		7DA028471540ECAB00587339 /* Foundation.framework */ = {isa = PBXFileReference; lastKnownFileType = wrapper.framework; name = Foundation.framework; path = System/Library/Frameworks/Foundation.framework; sourceTree = SDKROOT; };
		7DA028491540ECAB00587339 /* CoreGraphics.framework */ = {isa = PBXFileReference; lastKnownFileType = wrapper.framework; name = CoreGraphics.framework; path = System/Library/Frameworks/CoreGraphics.framework; sourceTree = SDKROOT; };
		7DA0284D1540ECAB00587339 /* weiboDemo-Info.plist */ = {isa = PBXFileReference; lastKnownFileType = text.plist.xml; path = "weiboDemo-Info.plist"; sourceTree = "<group>"; };
		7DA0284F1540ECAB00587339 /* en */ = {isa = PBXFileReference; lastKnownFileType = text.plist.strings; name = en; path = en.lproj/InfoPlist.strings; sourceTree = "<group>"; };
		7DA028511540ECAB00587339 /* main.m */ = {isa = PBXFileReference; lastKnownFileType = sourcecode.c.objc; path = main.m; sourceTree = "<group>"; };
		7DA028531540ECAB00587339 /* weiboDemo-Prefix.pch */ = {isa = PBXFileReference; lastKnownFileType = sourcecode.c.h; path = "weiboDemo-Prefix.pch"; sourceTree = "<group>"; };
		7DA028541540ECAB00587339 /* AppDelegate.h */ = {isa = PBXFileReference; lastKnownFileType = sourcecode.c.h; path = AppDelegate.h; sourceTree = "<group>"; };
		7DA028551540ECAB00587339 /* AppDelegate.m */ = {isa = PBXFileReference; lastKnownFileType = sourcecode.c.objc; path = AppDelegate.m; sourceTree = "<group>"; };
		7DA0285C1540ED5900587339 /* weiboViewController.h */ = {isa = PBXFileReference; fileEncoding = 4; lastKnownFileType = sourcecode.c.h; path = weiboViewController.h; sourceTree = "<group>"; };
		7DA0285D1540ED5900587339 /* weiboViewController.m */ = {isa = PBXFileReference; fileEncoding = 4; lastKnownFileType = sourcecode.c.objc; path = weiboViewController.m; sourceTree = "<group>"; };
		7DA028AF154137B800587339 /* GTMBase64.h */ = {isa = PBXFileReference; fileEncoding = 4; lastKnownFileType = sourcecode.c.h; path = GTMBase64.h; sourceTree = "<group>"; };
		7DA028B0154137B800587339 /* GTMBase64.m */ = {isa = PBXFileReference; fileEncoding = 4; lastKnownFileType = sourcecode.c.objc; path = GTMBase64.m; sourceTree = "<group>"; };
		7DA028B1154137B800587339 /* GTMDefines.h */ = {isa = PBXFileReference; fileEncoding = 4; lastKnownFileType = sourcecode.c.h; path = GTMDefines.h; sourceTree = "<group>"; };
		7DA028C6154137B800587339 /* SFHFKeychainUtils.h */ = {isa = PBXFileReference; fileEncoding = 4; lastKnownFileType = sourcecode.c.h; path = SFHFKeychainUtils.h; sourceTree = "<group>"; };
		7DA028C7154137B800587339 /* SFHFKeychainUtils.m */ = {isa = PBXFileReference; fileEncoding = 4; lastKnownFileType = sourcecode.c.objc; path = SFHFKeychainUtils.m; sourceTree = "<group>"; };
		7DA028C8154137B800587339 /* WBAuthorize.h */ = {isa = PBXFileReference; fileEncoding = 4; lastKnownFileType = sourcecode.c.h; path = WBAuthorize.h; sourceTree = "<group>"; };
		7DA028C9154137B800587339 /* WBAuthorize.m */ = {isa = PBXFileReference; fileEncoding = 4; lastKnownFileType = sourcecode.c.objc; path = WBAuthorize.m; sourceTree = "<group>"; };
		7DA028CC154137B800587339 /* WBEngine.h */ = {isa = PBXFileReference; fileEncoding = 4; lastKnownFileType = sourcecode.c.h; path = WBEngine.h; sourceTree = "<group>"; };
		7DA028CD154137B800587339 /* WBEngine.m */ = {isa = PBXFileReference; fileEncoding = 4; lastKnownFileType = sourcecode.c.objc; path = WBEngine.m; sourceTree = "<group>"; };
		7DA028D0154137B800587339 /* WBRequest.h */ = {isa = PBXFileReference; fileEncoding = 4; lastKnownFileType = sourcecode.c.h; path = WBRequest.h; sourceTree = "<group>"; };
		7DA028D1154137B800587339 /* WBRequest.m */ = {isa = PBXFileReference; fileEncoding = 4; lastKnownFileType = sourcecode.c.objc; path = WBRequest.m; sourceTree = "<group>"; };
		7DA028D2154137B800587339 /* WBSDKGlobal.h */ = {isa = PBXFileReference; fileEncoding = 4; lastKnownFileType = sourcecode.c.h; path = WBSDKGlobal.h; sourceTree = "<group>"; };
		7DA028D5154137B800587339 /* WBUtil.h */ = {isa = PBXFileReference; fileEncoding = 4; lastKnownFileType = sourcecode.c.h; path = WBUtil.h; sourceTree = "<group>"; };
		7DA028D6154137B800587339 /* WBUtil.m */ = {isa = PBXFileReference; fileEncoding = 4; lastKnownFileType = sourcecode.c.objc; path = WBUtil.m; sourceTree = "<group>"; };
		7DA028F2154137F700587339 /* JSON.h */ = {isa = PBXFileReference; fileEncoding = 4; lastKnownFileType = sourcecode.c.h; path = JSON.h; sourceTree = "<group>"; };
		7DA028F3154137F700587339 /* NSObject+SBJSON.h */ = {isa = PBXFileReference; fileEncoding = 4; lastKnownFileType = sourcecode.c.h; path = "NSObject+SBJSON.h"; sourceTree = "<group>"; };
		7DA028F4154137F700587339 /* NSObject+SBJSON.m */ = {isa = PBXFileReference; fileEncoding = 4; lastKnownFileType = sourcecode.c.objc; path = "NSObject+SBJSON.m"; sourceTree = "<group>"; };
		7DA028F5154137F700587339 /* NSString+SBJSON.h */ = {isa = PBXFileReference; fileEncoding = 4; lastKnownFileType = sourcecode.c.h; path = "NSString+SBJSON.h"; sourceTree = "<group>"; };
		7DA028F6154137F700587339 /* NSString+SBJSON.m */ = {isa = PBXFileReference; fileEncoding = 4; lastKnownFileType = sourcecode.c.objc; path = "NSString+SBJSON.m"; sourceTree = "<group>"; };
		7DA028F7154137F700587339 /* SBJSON.h */ = {isa = PBXFileReference; fileEncoding = 4; lastKnownFileType = sourcecode.c.h; path = SBJSON.h; sourceTree = "<group>"; };
		7DA028F8154137F700587339 /* SBJSON.m */ = {isa = PBXFileReference; fileEncoding = 4; lastKnownFileType = sourcecode.c.objc; path = SBJSON.m; sourceTree = "<group>"; };
		7DA028F9154137F700587339 /* SBJsonBase.h */ = {isa = PBXFileReference; fileEncoding = 4; lastKnownFileType = sourcecode.c.h; path = SBJsonBase.h; sourceTree = "<group>"; };
		7DA028FA154137F700587339 /* SBJsonBase.m */ = {isa = PBXFileReference; fileEncoding = 4; lastKnownFileType = sourcecode.c.objc; path = SBJsonBase.m; sourceTree = "<group>"; };
		7DA028FB154137F700587339 /* SBJsonParser.h */ = {isa = PBXFileReference; fileEncoding = 4; lastKnownFileType = sourcecode.c.h; path = SBJsonParser.h; sourceTree = "<group>"; };
		7DA028FC154137F700587339 /* SBJsonParser.m */ = {isa = PBXFileReference; fileEncoding = 4; lastKnownFileType = sourcecode.c.objc; path = SBJsonParser.m; sourceTree = "<group>"; };
		7DA028FD154137F700587339 /* SBJsonWriter.h */ = {isa = PBXFileReference; fileEncoding = 4; lastKnownFileType = sourcecode.c.h; path = SBJsonWriter.h; sourceTree = "<group>"; };
		7DA028FE154137F700587339 /* SBJsonWriter.m */ = {isa = PBXFileReference; fileEncoding = 4; lastKnownFileType = sourcecode.c.objc; path = SBJsonWriter.m; sourceTree = "<group>"; };
		7DA029051541382B00587339 /* Security.framework */ = {isa = PBXFileReference; lastKnownFileType = wrapper.framework; name = Security.framework; path = System/Library/Frameworks/Security.framework; sourceTree = SDKROOT; };
		7DA0290F1541459E00587339 /* weibologinViewController.h */ = {isa = PBXFileReference; fileEncoding = 4; lastKnownFileType = sourcecode.c.h; path = weibologinViewController.h; sourceTree = "<group>"; };
		7DA029101541459E00587339 /* weibologinViewController.m */ = {isa = PBXFileReference; fileEncoding = 4; lastKnownFileType = sourcecode.c.objc; path = weibologinViewController.m; sourceTree = "<group>"; };
		7DD15FD5154547AE0003D95E /* QQweiboEngine.h */ = {isa = PBXFileReference; fileEncoding = 4; lastKnownFileType = sourcecode.c.h; name = QQweiboEngine.h; path = QQWeiBoSDK/QQweiboEngine.h; sourceTree = "<group>"; };
		7DD15FD6154547AE0003D95E /* QQweiboEngine.m */ = {isa = PBXFileReference; fileEncoding = 4; lastKnownFileType = sourcecode.c.objc; name = QQweiboEngine.m; path = QQWeiBoSDK/QQweiboEngine.m; sourceTree = "<group>"; };
		7DD15FDC154547DB0003D95E /* QweiboSyncRequest.h */ = {isa = PBXFileReference; fileEncoding = 4; lastKnownFileType = sourcecode.c.h; name = QweiboSyncRequest.h; path = QQWeiBoSDK/QweiboSyncRequest.h; sourceTree = "<group>"; };
		7DD15FDD154547DB0003D95E /* QweiboSyncRequest.m */ = {isa = PBXFileReference; fileEncoding = 4; lastKnownFileType = sourcecode.c.objc; name = QweiboSyncRequest.m; path = QQWeiBoSDK/QweiboSyncRequest.m; sourceTree = "<group>"; };
		7DD15FE1154547F30003D95E /* QMutableURLRequest.h */ = {isa = PBXFileReference; fileEncoding = 4; lastKnownFileType = sourcecode.c.h; name = QMutableURLRequest.h; path = QQWeiBoSDK/QMutableURLRequest.h; sourceTree = "<group>"; };
		7DD15FE2154547F30003D95E /* QMutableURLRequest.m */ = {isa = PBXFileReference; fileEncoding = 4; lastKnownFileType = sourcecode.c.objc; name = QMutableURLRequest.m; path = QQWeiBoSDK/QMutableURLRequest.m; sourceTree = "<group>"; };
		7DD15FE3154547F30003D95E /* QSyncHttp.h */ = {isa = PBXFileReference; fileEncoding = 4; lastKnownFileType = sourcecode.c.h; name = QSyncHttp.h; path = QQWeiBoSDK/QSyncHttp.h; sourceTree = "<group>"; };
		7DD15FE4154547F30003D95E /* QSyncHttp.m */ = {isa = PBXFileReference; fileEncoding = 4; lastKnownFileType = sourcecode.c.objc; name = QSyncHttp.m; path = QQWeiBoSDK/QSyncHttp.m; sourceTree = "<group>"; };
		7DD15FE5154547F30003D95E /* QWeiboRequest.h */ = {isa = PBXFileReference; fileEncoding = 4; lastKnownFileType = sourcecode.c.h; name = QWeiboRequest.h; path = QQWeiBoSDK/QWeiboRequest.h; sourceTree = "<group>"; };
		7DD15FE6154547F30003D95E /* QWeiboRequest.m */ = {isa = PBXFileReference; fileEncoding = 4; lastKnownFileType = sourcecode.c.objc; name = QWeiboRequest.m; path = QQWeiBoSDK/QWeiboRequest.m; sourceTree = "<group>"; };
		7DD15FEA1545480A0003D95E /* NSData+QBase64.h */ = {isa = PBXFileReference; fileEncoding = 4; lastKnownFileType = sourcecode.c.h; name = "NSData+QBase64.h"; path = "QQWeiBoSDK/NSData+QBase64.h"; sourceTree = "<group>"; };
		7DD15FEB1545480A0003D95E /* NSData+QBase64.m */ = {isa = PBXFileReference; fileEncoding = 4; lastKnownFileType = sourcecode.c.objc; name = "NSData+QBase64.m"; path = "QQWeiBoSDK/NSData+QBase64.m"; sourceTree = "<group>"; };
		7DD15FEC1545480A0003D95E /* NSString+QEncoding.h */ = {isa = PBXFileReference; fileEncoding = 4; lastKnownFileType = sourcecode.c.h; name = "NSString+QEncoding.h"; path = "QQWeiBoSDK/NSString+QEncoding.h"; sourceTree = "<group>"; };
		7DD15FED1545480A0003D95E /* NSString+QEncoding.m */ = {isa = PBXFileReference; fileEncoding = 4; lastKnownFileType = sourcecode.c.objc; name = "NSString+QEncoding.m"; path = "QQWeiBoSDK/NSString+QEncoding.m"; sourceTree = "<group>"; };
		7DD15FEE1545480A0003D95E /* NSURL+QAdditions.h */ = {isa = PBXFileReference; fileEncoding = 4; lastKnownFileType = sourcecode.c.h; name = "NSURL+QAdditions.h"; path = "QQWeiBoSDK/NSURL+QAdditions.h"; sourceTree = "<group>"; };
		7DD15FEF1545480A0003D95E /* NSURL+QAdditions.m */ = {isa = PBXFileReference; fileEncoding = 4; lastKnownFileType = sourcecode.c.objc; name = "NSURL+QAdditions.m"; path = "QQWeiBoSDK/NSURL+QAdditions.m"; sourceTree = "<group>"; };
		7DD15FF31545481D0003D95E /* QOauth.h */ = {isa = PBXFileReference; fileEncoding = 4; lastKnownFileType = sourcecode.c.h; name = QOauth.h; path = QQWeiBoSDK/QOauth.h; sourceTree = "<group>"; };
		7DD15FF41545481D0003D95E /* QOauth.m */ = {isa = PBXFileReference; fileEncoding = 4; lastKnownFileType = sourcecode.c.objc; name = QOauth.m; path = QQWeiBoSDK/QOauth.m; sourceTree = "<group>"; };
		7DD15FF51545481D0003D95E /* QOauthKey.h */ = {isa = PBXFileReference; fileEncoding = 4; lastKnownFileType = sourcecode.c.h; name = QOauthKey.h; path = QQWeiBoSDK/QOauthKey.h; sourceTree = "<group>"; };
		7DD15FF9154548240003D95E /* QAsyncHttp.h */ = {isa = PBXFileReference; fileEncoding = 4; lastKnownFileType = sourcecode.c.h; name = QAsyncHttp.h; path = QQWeiBoSDK/QAsyncHttp.h; sourceTree = "<group>"; };
		7DD15FFA154548240003D95E /* QAsyncHttp.m */ = {isa = PBXFileReference; fileEncoding = 4; lastKnownFileType = sourcecode.c.objc; name = QAsyncHttp.m; path = QQWeiBoSDK/QAsyncHttp.m; sourceTree = "<group>"; };
		7DD15FFC154549100003D95E /* QOauthKey.m */ = {isa = PBXFileReference; fileEncoding = 4; lastKnownFileType = sourcecode.c.objc; path = QOauthKey.m; sourceTree = "<group>"; };
		7DD211FF1544EF0800854D01 /* APIBase.h */ = {isa = PBXFileReference; fileEncoding = 4; lastKnownFileType = sourcecode.c.h; name = APIBase.h; path = weiboDemo/QQSDK/API/APIBase.h; sourceTree = SOURCE_ROOT; };
		7DD212001544EF0800854D01 /* APIBase.m */ = {isa = PBXFileReference; fileEncoding = 4; lastKnownFileType = sourcecode.c.objc; name = APIBase.m; path = weiboDemo/QQSDK/API/APIBase.m; sourceTree = SOURCE_ROOT; };
		7DD212011544EF0800854D01 /* APIResponse.h */ = {isa = PBXFileReference; fileEncoding = 4; lastKnownFileType = sourcecode.c.h; name = APIResponse.h; path = weiboDemo/QQSDK/API/APIResponse.h; sourceTree = SOURCE_ROOT; };
		7DD212021544EF0800854D01 /* APIResponse.m */ = {isa = PBXFileReference; fileEncoding = 4; lastKnownFileType = sourcecode.c.objc; name = APIResponse.m; path = weiboDemo/QQSDK/API/APIResponse.m; sourceTree = SOURCE_ROOT; };
		7DD212051544EF1700854D01 /* TencentLoginView.h */ = {isa = PBXFileReference; fileEncoding = 4; lastKnownFileType = sourcecode.c.h; name = TencentLoginView.h; path = QQSDK/TencentLoginView.h; sourceTree = "<group>"; };
		7DD212061544EF1700854D01 /* TencentLoginView.m */ = {isa = PBXFileReference; fileEncoding = 4; lastKnownFileType = sourcecode.c.objc; name = TencentLoginView.m; path = QQSDK/TencentLoginView.m; sourceTree = "<group>"; };
		7DD212071544EF1700854D01 /* TencentOAuth.h */ = {isa = PBXFileReference; fileEncoding = 4; lastKnownFileType = sourcecode.c.h; name = TencentOAuth.h; path = QQSDK/TencentOAuth.h; sourceTree = "<group>"; };
		7DD212081544EF1700854D01 /* TencentOAuth.m */ = {isa = PBXFileReference; fileEncoding = 4; lastKnownFileType = sourcecode.c.objc; name = TencentOAuth.m; path = QQSDK/TencentOAuth.m; sourceTree = "<group>"; };
		7DD212091544EF1700854D01 /* TencentRequest.h */ = {isa = PBXFileReference; fileEncoding = 4; lastKnownFileType = sourcecode.c.h; name = TencentRequest.h; path = QQSDK/TencentRequest.h; sourceTree = "<group>"; };
		7DD2120A1544EF1700854D01 /* TencentRequest.m */ = {isa = PBXFileReference; fileEncoding = 4; lastKnownFileType = sourcecode.c.objc; name = TencentRequest.m; path = QQSDK/TencentRequest.m; sourceTree = "<group>"; };
		7DD2120B1544EF1700854D01 /* TencentTargetSelector.h */ = {isa = PBXFileReference; fileEncoding = 4; lastKnownFileType = sourcecode.c.h; name = TencentTargetSelector.h; path = QQSDK/TencentTargetSelector.h; sourceTree = "<group>"; };
		7DD2120C1544EF1700854D01 /* TencentTargetSelector.m */ = {isa = PBXFileReference; fileEncoding = 4; lastKnownFileType = sourcecode.c.objc; name = TencentTargetSelector.m; path = QQSDK/TencentTargetSelector.m; sourceTree = "<group>"; };
		7DD212121544F15100854D01 /* WeiboBasicUserInfo.h */ = {isa = PBXFileReference; fileEncoding = 4; lastKnownFileType = sourcecode.c.h; path = WeiboBasicUserInfo.h; sourceTree = "<group>"; };
		7DD212131544F15100854D01 /* WeiboBasicUserInfo.m */ = {isa = PBXFileReference; fileEncoding = 4; lastKnownFileType = sourcecode.c.objc; path = WeiboBasicUserInfo.m; sourceTree = "<group>"; };
/* End PBXFileReference section */

/* Begin PBXFrameworksBuildPhase section */
		7DA0283E1540ECAB00587339 /* Frameworks */ = {
			isa = PBXFrameworksBuildPhase;
			buildActionMask = 2147483647;
			files = (
				7DA029061541382B00587339 /* Security.framework in Frameworks */,
				7DA028461540ECAB00587339 /* UIKit.framework in Frameworks */,
				7DA028481540ECAB00587339 /* Foundation.framework in Frameworks */,
				7DA0284A1540ECAB00587339 /* CoreGraphics.framework in Frameworks */,
			);
			runOnlyForDeploymentPostprocessing = 0;
		};
/* End PBXFrameworksBuildPhase section */

/* Begin PBXGroup section */
		7D0295A31545377800B7F826 /* OAuth */ = {
			isa = PBXGroup;
			children = (
				7DD15FFC154549100003D95E /* QOauthKey.m */,
				7DD15FF31545481D0003D95E /* QOauth.h */,
				7DD15FF41545481D0003D95E /* QOauth.m */,
				7DD15FF51545481D0003D95E /* QOauthKey.h */,
			);
			name = OAuth;
			sourceTree = "<group>";
		};
		7D0295A9154537A200B7F826 /* Cocoa Categories */ = {
			isa = PBXGroup;
			children = (
				7DD15FEA1545480A0003D95E /* NSData+QBase64.h */,
				7DD15FEB1545480A0003D95E /* NSData+QBase64.m */,
				7DD15FEC1545480A0003D95E /* NSString+QEncoding.h */,
				7DD15FED1545480A0003D95E /* NSString+QEncoding.m */,
				7DD15FEE1545480A0003D95E /* NSURL+QAdditions.h */,
				7DD15FEF1545480A0003D95E /* NSURL+QAdditions.m */,
			);
			name = "Cocoa Categories";
			sourceTree = "<group>";
		};
		7D0295B0154537D000B7F826 /* Classes */ = {
			isa = PBXGroup;
			children = (
				7DD15FF9154548240003D95E /* QAsyncHttp.h */,
				7DD15FFA154548240003D95E /* QAsyncHttp.m */,
				7DD15FE1154547F30003D95E /* QMutableURLRequest.h */,
				7DD15FE2154547F30003D95E /* QMutableURLRequest.m */,
				7DD15FE3154547F30003D95E /* QSyncHttp.h */,
				7DD15FE4154547F30003D95E /* QSyncHttp.m */,
				7DD15FE5154547F30003D95E /* QWeiboRequest.h */,
				7DD15FE6154547F30003D95E /* QWeiboRequest.m */,
			);
			name = Classes;
			sourceTree = "<group>";
		};
		7D0295B91545382C00B7F826 /* Engine */ = {
			isa = PBXGroup;
			children = (
				7DD15FD5154547AE0003D95E /* QQweiboEngine.h */,
				7DD15FD6154547AE0003D95E /* QQweiboEngine.m */,
				7DD15FDC154547DB0003D95E /* QweiboSyncRequest.h */,
				7DD15FDD154547DB0003D95E /* QweiboSyncRequest.m */,
			);
			name = Engine;
			sourceTree = "<group>";
		};
		7DA028361540ECAB00587339 = {
			isa = PBXGroup;
			children = (
				7DA0284B1540ECAB00587339 /* weiboDemo */,
				7DA028441540ECAB00587339 /* Frameworks */,
				7DA028421540ECAB00587339 /* Products */,
			);
			sourceTree = "<group>";
		};
		7DA028421540ECAB00587339 /* Products */ = {
			isa = PBXGroup;
			children = (
				7DA028411540ECAB00587339 /* weiboDemo.app */,
			);
			name = Products;
			sourceTree = "<group>";
		};
		7DA028441540ECAB00587339 /* Frameworks */ = {
			isa = PBXGroup;
			children = (
				7DA029051541382B00587339 /* Security.framework */,
				7DA028451540ECAB00587339 /* UIKit.framework */,
				7DA028471540ECAB00587339 /* Foundation.framework */,
				7DA028491540ECAB00587339 /* CoreGraphics.framework */,
			);
			name = Frameworks;
			sourceTree = "<group>";
		};
		7DA0284B1540ECAB00587339 /* weiboDemo */ = {
			isa = PBXGroup;
			children = (
				7DD15FD4154547080003D95E /* test */,
				7DD2125415452DED00854D01 /* QQWeiBoSDK */,
				7DD212111544F10300854D01 /* Class */,
				7DA0291B15415B6600587339 /* QQSDK */,
				7DA028F1154137F700587339 /* JSON */,
				7DA028AD154137B800587339 /* SinaWeiBoSDK */,
				7DA028541540ECAB00587339 /* AppDelegate.h */,
				7DA028551540ECAB00587339 /* AppDelegate.m */,
				7DA0284C1540ECAB00587339 /* Supporting Files */,
			);
			path = weiboDemo;
			sourceTree = "<group>";
		};
		7DA0284C1540ECAB00587339 /* Supporting Files */ = {
			isa = PBXGroup;
			children = (
				7DA0284D1540ECAB00587339 /* weiboDemo-Info.plist */,
				7DA0284E1540ECAB00587339 /* InfoPlist.strings */,
				7DA028511540ECAB00587339 /* main.m */,
				7DA028531540ECAB00587339 /* weiboDemo-Prefix.pch */,
			);
			name = "Supporting Files";
			sourceTree = "<group>";
		};
		7DA028AD154137B800587339 /* SinaWeiBoSDK */ = {
			isa = PBXGroup;
			children = (
				7DA028AE154137B800587339 /* CTMBase64 */,
				7DA028C5154137B800587339 /* SFHFKeychainUtils */,
				7DA028C8154137B800587339 /* WBAuthorize.h */,
				7DA028C9154137B800587339 /* WBAuthorize.m */,
				7DA028CC154137B800587339 /* WBEngine.h */,
				7DA028CD154137B800587339 /* WBEngine.m */,
				7DA028D0154137B800587339 /* WBRequest.h */,
				7DA028D1154137B800587339 /* WBRequest.m */,
				7DA028D2154137B800587339 /* WBSDKGlobal.h */,
				7DA028D5154137B800587339 /* WBUtil.h */,
				7DA028D6154137B800587339 /* WBUtil.m */,
			);
			path = SinaWeiBoSDK;
			sourceTree = "<group>";
		};
		7DA028AE154137B800587339 /* CTMBase64 */ = {
			isa = PBXGroup;
			children = (
				7DA028AF154137B800587339 /* GTMBase64.h */,
				7DA028B0154137B800587339 /* GTMBase64.m */,
				7DA028B1154137B800587339 /* GTMDefines.h */,
			);
			path = CTMBase64;
			sourceTree = "<group>";
		};
		7DA028C5154137B800587339 /* SFHFKeychainUtils */ = {
			isa = PBXGroup;
			children = (
				7DA028C6154137B800587339 /* SFHFKeychainUtils.h */,
				7DA028C7154137B800587339 /* SFHFKeychainUtils.m */,
			);
			path = SFHFKeychainUtils;
			sourceTree = "<group>";
		};
		7DA028F1154137F700587339 /* JSON */ = {
			isa = PBXGroup;
			children = (
				7DA028F2154137F700587339 /* JSON.h */,
				7DA028F3154137F700587339 /* NSObject+SBJSON.h */,
				7DA028F4154137F700587339 /* NSObject+SBJSON.m */,
				7DA028F5154137F700587339 /* NSString+SBJSON.h */,
				7DA028F6154137F700587339 /* NSString+SBJSON.m */,
				7DA028F7154137F700587339 /* SBJSON.h */,
				7DA028F8154137F700587339 /* SBJSON.m */,
				7DA028F9154137F700587339 /* SBJsonBase.h */,
				7DA028FA154137F700587339 /* SBJsonBase.m */,
				7DA028FB154137F700587339 /* SBJsonParser.h */,
				7DA028FC154137F700587339 /* SBJsonParser.m */,
				7DA028FD154137F700587339 /* SBJsonWriter.h */,
				7DA028FE154137F700587339 /* SBJsonWriter.m */,
			);
			path = JSON;
			sourceTree = "<group>";
		};
		7DA0291B15415B6600587339 /* QQSDK */ = {
			isa = PBXGroup;
			children = (
				7DD212051544EF1700854D01 /* TencentLoginView.h */,
				7DD212061544EF1700854D01 /* TencentLoginView.m */,
				7DD212071544EF1700854D01 /* TencentOAuth.h */,
				7DD212081544EF1700854D01 /* TencentOAuth.m */,
				7DD212091544EF1700854D01 /* TencentRequest.h */,
				7DD2120A1544EF1700854D01 /* TencentRequest.m */,
				7DD2120B1544EF1700854D01 /* TencentTargetSelector.h */,
				7DD2120C1544EF1700854D01 /* TencentTargetSelector.m */,
				7DA0291C15415CDF00587339 /* API */,
			);
			name = QQSDK;
			sourceTree = "<group>";
		};
		7DA0291C15415CDF00587339 /* API */ = {
			isa = PBXGroup;
			children = (
				7DD211FF1544EF0800854D01 /* APIBase.h */,
				7DD212001544EF0800854D01 /* APIBase.m */,
				7DD212011544EF0800854D01 /* APIResponse.h */,
				7DD212021544EF0800854D01 /* APIResponse.m */,
			);
			name = API;
			path = QQWeiBoSDK/API;
			sourceTree = "<group>";
		};
		7DD15FD4154547080003D95E /* test */ = {
			isa = PBXGroup;
			children = (
			);
			name = test;
			sourceTree = "<group>";
		};
		7DD212111544F10300854D01 /* Class */ = {
			isa = PBXGroup;
			children = (
				7DA0285C1540ED5900587339 /* weiboViewController.h */,
				7DA0285D1540ED5900587339 /* weiboViewController.m */,
				7DA0290F1541459E00587339 /* weibologinViewController.h */,
				7DA029101541459E00587339 /* weibologinViewController.m */,
				7DD212121544F15100854D01 /* WeiboBasicUserInfo.h */,
				7DD212131544F15100854D01 /* WeiboBasicUserInfo.m */,
			);
			name = Class;
			sourceTree = "<group>";
		};
		7DD2125415452DED00854D01 /* QQWeiBoSDK */ = {
			isa = PBXGroup;
			children = (
				7D0295B91545382C00B7F826 /* Engine */,
				7D0295B0154537D000B7F826 /* Classes */,
				7D0295A9154537A200B7F826 /* Cocoa Categories */,
				7D0295A31545377800B7F826 /* OAuth */,
			);
			name = QQWeiBoSDK;
			sourceTree = "<group>";
		};
/* End PBXGroup section */

/* Begin PBXNativeTarget section */
		7DA028401540ECAB00587339 /* weiboDemo */ = {
			isa = PBXNativeTarget;
			buildConfigurationList = 7DA028591540ECAB00587339 /* Build configuration list for PBXNativeTarget "weiboDemo" */;
			buildPhases = (
				7DA0283D1540ECAB00587339 /* Sources */,
				7DA0283E1540ECAB00587339 /* Frameworks */,
				7DA0283F1540ECAB00587339 /* Resources */,
			);
			buildRules = (
			);
			dependencies = (
			);
			name = weiboDemo;
			productName = weiboDemo;
			productReference = 7DA028411540ECAB00587339 /* weiboDemo.app */;
			productType = "com.apple.product-type.application";
		};
/* End PBXNativeTarget section */

/* Begin PBXProject section */
		7DA028381540ECAB00587339 /* Project object */ = {
			isa = PBXProject;
			attributes = {
				LastUpgradeCheck = 0430;
				ORGANIZATIONNAME = "搜房网";
			};
			buildConfigurationList = 7DA0283B1540ECAB00587339 /* Build configuration list for PBXProject "weiboDemo" */;
			compatibilityVersion = "Xcode 3.2";
			developmentRegion = English;
			hasScannedForEncodings = 0;
			knownRegions = (
				en,
				"zh-Hans",
				"zh-Hant",
			);
			mainGroup = 7DA028361540ECAB00587339;
			productRefGroup = 7DA028421540ECAB00587339 /* Products */;
			projectDirPath = "";
			projectRoot = "";
			targets = (
				7DA028401540ECAB00587339 /* weiboDemo */,
			);
		};
/* End PBXProject section */

/* Begin PBXResourcesBuildPhase section */
		7DA0283F1540ECAB00587339 /* Resources */ = {
			isa = PBXResourcesBuildPhase;
			buildActionMask = 2147483647;
			files = (
				7DA028501540ECAB00587339 /* InfoPlist.strings in Resources */,
			);
			runOnlyForDeploymentPostprocessing = 0;
		};
/* End PBXResourcesBuildPhase section */

/* Begin PBXSourcesBuildPhase section */
		7DA0283D1540ECAB00587339 /* Sources */ = {
			isa = PBXSourcesBuildPhase;
			buildActionMask = 2147483647;
			files = (
				7DA028521540ECAB00587339 /* main.m in Sources */,
				7DA028561540ECAB00587339 /* AppDelegate.m in Sources */,
				7DA0285E1540ED5900587339 /* weiboViewController.m in Sources */,
				7DA028D9154137B800587339 /* GTMBase64.m in Sources */,
				7DA028E9154137B800587339 /* SFHFKeychainUtils.m in Sources */,
				7DA028EA154137B800587339 /* WBAuthorize.m in Sources */,
				7DA028EC154137B800587339 /* WBEngine.m in Sources */,
				7DA028EE154137B800587339 /* WBRequest.m in Sources */,
				7DA028F0154137B800587339 /* WBUtil.m in Sources */,
				7DA028FF154137F700587339 /* NSObject+SBJSON.m in Sources */,
				7DA02900154137F700587339 /* NSString+SBJSON.m in Sources */,
				7DA02901154137F700587339 /* SBJSON.m in Sources */,
				7DA02902154137F700587339 /* SBJsonBase.m in Sources */,
				7DA02903154137F700587339 /* SBJsonParser.m in Sources */,
				7DA02904154137F700587339 /* SBJsonWriter.m in Sources */,
				7DA029111541459F00587339 /* weibologinViewController.m in Sources */,
				7DD212031544EF0800854D01 /* APIBase.m in Sources */,
				7DD212041544EF0800854D01 /* APIResponse.m in Sources */,
				7DD2120D1544EF1700854D01 /* TencentLoginView.m in Sources */,
				7DD2120E1544EF1700854D01 /* TencentOAuth.m in Sources */,
				7DD2120F1544EF1700854D01 /* TencentRequest.m in Sources */,
				7DD212101544EF1700854D01 /* TencentTargetSelector.m in Sources */,
				7DD212141544F15100854D01 /* WeiboBasicUserInfo.m in Sources */,
				7DD15FD7154547AE0003D95E /* QQweiboEngine.m in Sources */,
				7DD15FE0154547DB0003D95E /* QweiboSyncRequest.m in Sources */,
				7DD15FE7154547F30003D95E /* QMutableURLRequest.m in Sources */,
				7DD15FE8154547F30003D95E /* QSyncHttp.m in Sources */,
				7DD15FE9154547F30003D95E /* QWeiboRequest.m in Sources */,
				7DD15FF01545480A0003D95E /* NSData+QBase64.m in Sources */,
				7DD15FF11545480A0003D95E /* NSString+QEncoding.m in Sources */,
				7DD15FF21545480A0003D95E /* NSURL+QAdditions.m in Sources */,
				7DD15FF71545481D0003D95E /* QOauth.m in Sources */,
				7DD15FFB154548240003D95E /* QAsyncHttp.m in Sources */,
				7DD15FFD154549100003D95E /* QOauthKey.m in Sources */,
			);
			runOnlyForDeploymentPostprocessing = 0;
		};
/* End PBXSourcesBuildPhase section */

/* Begin PBXVariantGroup section */
		7DA0284E1540ECAB00587339 /* InfoPlist.strings */ = {
			isa = PBXVariantGroup;
			children = (
				7DA0284F1540ECAB00587339 /* en */,
			);
			name = InfoPlist.strings;
			sourceTree = "<group>";
		};
/* End PBXVariantGroup section */

/* Begin XCBuildConfiguration section */
		7DA028571540ECAB00587339 /* Debug */ = {
			isa = XCBuildConfiguration;
			buildSettings = {
				ALWAYS_SEARCH_USER_PATHS = NO;
				ARCHS = "$(ARCHS_STANDARD_32_BIT)";
				"CODE_SIGN_IDENTITY[sdk=iphoneos*]" = "iPhone Developer";
				COPY_PHASE_STRIP = NO;
				GCC_C_LANGUAGE_STANDARD = gnu99;
				GCC_DYNAMIC_NO_PIC = NO;
				GCC_OPTIMIZATION_LEVEL = 0;
				GCC_PREPROCESSOR_DEFINITIONS = (
					"DEBUG=1",
					"$(inherited)",
				);
				GCC_SYMBOLS_PRIVATE_EXTERN = NO;
				GCC_VERSION = com.apple.compilers.llvm.clang.1_0;
				GCC_WARN_ABOUT_RETURN_TYPE = YES;
				GCC_WARN_UNINITIALIZED_AUTOS = YES;
				GCC_WARN_UNUSED_VARIABLE = YES;
				IPHONEOS_DEPLOYMENT_TARGET = 4.2;
				SDKROOT = iphoneos4.2;
			};
			name = Debug;
		};
		7DA028581540ECAB00587339 /* Release */ = {
			isa = XCBuildConfiguration;
			buildSettings = {
				ALWAYS_SEARCH_USER_PATHS = NO;
				ARCHS = "$(ARCHS_STANDARD_32_BIT)";
				"CODE_SIGN_IDENTITY[sdk=iphoneos*]" = "iPhone Developer";
				COPY_PHASE_STRIP = YES;
				GCC_C_LANGUAGE_STANDARD = gnu99;
				GCC_VERSION = com.apple.compilers.llvm.clang.1_0;
				GCC_WARN_ABOUT_RETURN_TYPE = YES;
				GCC_WARN_UNINITIALIZED_AUTOS = YES;
				GCC_WARN_UNUSED_VARIABLE = YES;
				IPHONEOS_DEPLOYMENT_TARGET = 4.2;
				OTHER_CFLAGS = "-DNS_BLOCK_ASSERTIONS=1";
				SDKROOT = iphoneos4.2;
				VALIDATE_PRODUCT = YES;
			};
			name = Release;
		};
		7DA0285A1540ECAB00587339 /* Debug */ = {
			isa = XCBuildConfiguration;
			buildSettings = {
				GCC_PRECOMPILE_PREFIX_HEADER = YES;
				GCC_PREFIX_HEADER = "weiboDemo/weiboDemo-Prefix.pch";
				INFOPLIST_FILE = "weiboDemo/weiboDemo-Info.plist";
				LIBRARY_SEARCH_PATHS = (
					"$(inherited)",
					"\"$(SRCROOT)/weiboDemo/QQWeiBoSDK\"",
				);
				PRODUCT_NAME = "$(TARGET_NAME)";
				WRAPPER_EXTENSION = app;
			};
			name = Debug;
		};
		7DA0285B1540ECAB00587339 /* Release */ = {
			isa = XCBuildConfiguration;
			buildSettings = {
				GCC_PRECOMPILE_PREFIX_HEADER = YES;
				GCC_PREFIX_HEADER = "weiboDemo/weiboDemo-Prefix.pch";
				INFOPLIST_FILE = "weiboDemo/weiboDemo-Info.plist";
				LIBRARY_SEARCH_PATHS = (
					"$(inherited)",
					"\"$(SRCROOT)/weiboDemo/QQWeiBoSDK\"",
				);
				PRODUCT_NAME = "$(TARGET_NAME)";
				WRAPPER_EXTENSION = app;
			};
			name = Release;
		};
/* End XCBuildConfiguration section */

/* Begin XCConfigurationList section */
		7DA0283B1540ECAB00587339 /* Build configuration list for PBXProject "weiboDemo" */ = {
			isa = XCConfigurationList;
			buildConfigurations = (
				7DA028571540ECAB00587339 /* Debug */,
				7DA028581540ECAB00587339 /* Release */,
			);
			defaultConfigurationIsVisible = 0;
			defaultConfigurationName = Release;
		};
		7DA028591540ECAB00587339 /* Build configuration list for PBXNativeTarget "weiboDemo" */ = {
			isa = XCConfigurationList;
			buildConfigurations = (
				7DA0285A1540ECAB00587339 /* Debug */,
				7DA0285B1540ECAB00587339 /* Release */,
			);
			defaultConfigurationIsVisible = 0;
			defaultConfigurationName = Release;
		};
/* End XCConfigurationList section */
	};
	rootObject = 7DA028381540ECAB00587339 /* Project object */;
}
